
Microsoft Visual Studio Solution File, Format Version 12.00
# Visual Studio Version 17
VisualStudioVersion = 17.14.36518.9 d17.14
MinimumVisualStudioVersion = 10.0.40219.1
Project("{FAE04EC0-301F-11D3-BF4B-00C04F79EFBC}") = "EuroPromotionProject", "EuroPromotionProject.csproj", "{6A374CAB-35ED-4651-9A9E-0A7B44241397}"
EndProject
Global
	GlobalSection(SolutionConfigurationPlatforms) = preSolution
		Debug|Any CPU = Debug|Any CPU
		Release|Any CPU = Release|Any CPU
	EndGlobalSection
	GlobalSection(ProjectConfigurationPlatforms) = postSolution
		{6A374CAB-35ED-4651-9A9E-0A7B44241397}.Debug|Any CPU.ActiveCfg = Debug|Any CPU
		{6A374CAB-35ED-4651-9A9E-0A7B44241397}.Debug|Any CPU.Build.0 = Debug|Any CPU
		{6A374CAB-35ED-4651-9A9E-0A7B44241397}.Release|Any CPU.ActiveCfg = Release|Any CPU
		{6A374CAB-35ED-4651-9A9E-0A7B44241397}.Release|Any CPU.Build.0 = Release|Any CPU
	EndGlobalSection
	GlobalSection(SolutionProperties) = preSolution
		HideSolutionNode = FALSE
	EndGlobalSection
	GlobalSection(ExtensibilityGlobals) = postSolution
		SolutionGuid = {26F8BF39-A690-4856-9053-B4AD90E5E0D8}
	EndGlobalSection
EndGlobal
